
Microsoft Visual Studio Solution File, Format Version 12.00
# Visual Studio Version 17
VisualStudioVersion = 17.6.33723.286
MinimumVisualStudioVersion = 10.0.40219.1
Project("{FAE04EC0-301F-11D3-BF4B-00C04F79EFBC}") = "AlugueisDeQuartos", "AlugueisDeQuartos\AlugueisDeQuartos.csproj", "{2754A2E4-248A-413F-B7B0-E19E514A5F37}"
EndProject
Global
	GlobalSection(SolutionConfigurationPlatforms) = preSolution
		Debug|Any CPU = Debug|Any CPU
		Release|Any CPU = Release|Any CPU
	EndGlobalSection
	GlobalSection(ProjectConfigurationPlatforms) = postSolution
		{2754A2E4-248A-413F-B7B0-E19E514A5F37}.Debug|Any CPU.ActiveCfg = Debug|Any CPU
		{2754A2E4-248A-413F-B7B0-E19E514A5F37}.Debug|Any CPU.Build.0 = Debug|Any CPU
		{2754A2E4-248A-413F-B7B0-E19E514A5F37}.Release|Any CPU.ActiveCfg = Release|Any CPU
		{2754A2E4-248A-413F-B7B0-E19E514A5F37}.Release|Any CPU.Build.0 = Release|Any CPU
	EndGlobalSection
	GlobalSection(SolutionProperties) = preSolution
		HideSolutionNode = FALSE
	EndGlobalSection
	GlobalSection(ExtensibilityGlobals) = postSolution
		SolutionGuid = {C920D4B7-E177-4817-A9D1-CE7F3F45DF6A}
	EndGlobalSection
EndGlobal
